
Microsoft Visual Studio Solution File, Format Version 12.00
# Visual Studio Version 17
VisualStudioVersion = 17.5.33530.505
MinimumVisualStudioVersion = 10.0.40219.1
Project("{9A19103F-16F7-4668-BE54-9A1E7A4F7556}") = "0.0.DataTransferLayer", "0.0.DataTransferLayer\0.0.DataTransferLayer.csproj", "{51222972-EAF2-4E12-93DA-150CFEAB04C6}"
EndProject
Project("{9A19103F-16F7-4668-BE54-9A1E7A4F7556}") = "1.0.HelperLayer", "1.0.HelperLayer\1.0.HelperLayer.csproj", "{8EDA38EE-9897-45F1-9AD8-5D04EB37B1DB}"
EndProject
Project("{9A19103F-16F7-4668-BE54-9A1E7A4F7556}") = "2.0.ServiceLayer", "2.0.ServiceLayer\2.0.ServiceLayer.csproj", "{16930776-DA48-4520-BFFF-9A0B044DB23B}"
EndProject
Project("{9A19103F-16F7-4668-BE54-9A1E7A4F7556}") = "3.0.BussinesLayer", "3.0.BussinesLayer\3.0.BussinesLayer.csproj", "{54C486D9-D411-4DB2-88E4-0656D612E549}"
EndProject
Project("{9A19103F-16F7-4668-BE54-9A1E7A4F7556}") = "4.0.RepositoryLayer", "4.0.RepositoryLayer\4.0.RepositoryLayer.csproj", "{1AAF51B0-30FE-42EF-9DC5-9658D011172D}"
EndProject
Project("{9A19103F-16F7-4668-BE54-9A1E7A4F7556}") = "5.0.DataAccessLayer", "5.0.DataAccessLayer\5.0.DataAccessLayer.csproj", "{746D3F1E-B325-48AD-8085-A5B07624EB48}"
EndProject
Global
	GlobalSection(SolutionConfigurationPlatforms) = preSolution
		Debug|Any CPU = Debug|Any CPU
		Release|Any CPU = Release|Any CPU
	EndGlobalSection
	GlobalSection(ProjectConfigurationPlatforms) = postSolution
		{51222972-EAF2-4E12-93DA-150CFEAB04C6}.Debug|Any CPU.ActiveCfg = Debug|Any CPU
		{51222972-EAF2-4E12-93DA-150CFEAB04C6}.Debug|Any CPU.Build.0 = Debug|Any CPU
		{51222972-EAF2-4E12-93DA-150CFEAB04C6}.Release|Any CPU.ActiveCfg = Release|Any CPU
		{51222972-EAF2-4E12-93DA-150CFEAB04C6}.Release|Any CPU.Build.0 = Release|Any CPU
		{8EDA38EE-9897-45F1-9AD8-5D04EB37B1DB}.Debug|Any CPU.ActiveCfg = Debug|Any CPU
		{8EDA38EE-9897-45F1-9AD8-5D04EB37B1DB}.Debug|Any CPU.Build.0 = Debug|Any CPU
		{8EDA38EE-9897-45F1-9AD8-5D04EB37B1DB}.Release|Any CPU.ActiveCfg = Release|Any CPU
		{8EDA38EE-9897-45F1-9AD8-5D04EB37B1DB}.Release|Any CPU.Build.0 = Release|Any CPU
		{16930776-DA48-4520-BFFF-9A0B044DB23B}.Debug|Any CPU.ActiveCfg = Debug|Any CPU
		{16930776-DA48-4520-BFFF-9A0B044DB23B}.Debug|Any CPU.Build.0 = Debug|Any CPU
		{16930776-DA48-4520-BFFF-9A0B044DB23B}.Release|Any CPU.ActiveCfg = Release|Any CPU
		{16930776-DA48-4520-BFFF-9A0B044DB23B}.Release|Any CPU.Build.0 = Release|Any CPU
		{54C486D9-D411-4DB2-88E4-0656D612E549}.Debug|Any CPU.ActiveCfg = Debug|Any CPU
		{54C486D9-D411-4DB2-88E4-0656D612E549}.Debug|Any CPU.Build.0 = Debug|Any CPU
		{54C486D9-D411-4DB2-88E4-0656D612E549}.Release|Any CPU.ActiveCfg = Release|Any CPU
		{54C486D9-D411-4DB2-88E4-0656D612E549}.Release|Any CPU.Build.0 = Release|Any CPU
		{1AAF51B0-30FE-42EF-9DC5-9658D011172D}.Debug|Any CPU.ActiveCfg = Debug|Any CPU
		{1AAF51B0-30FE-42EF-9DC5-9658D011172D}.Debug|Any CPU.Build.0 = Debug|Any CPU
		{1AAF51B0-30FE-42EF-9DC5-9658D011172D}.Release|Any CPU.ActiveCfg = Release|Any CPU
		{1AAF51B0-30FE-42EF-9DC5-9658D011172D}.Release|Any CPU.Build.0 = Release|Any CPU
		{746D3F1E-B325-48AD-8085-A5B07624EB48}.Debug|Any CPU.ActiveCfg = Debug|Any CPU
		{746D3F1E-B325-48AD-8085-A5B07624EB48}.Debug|Any CPU.Build.0 = Debug|Any CPU
		{746D3F1E-B325-48AD-8085-A5B07624EB48}.Release|Any CPU.ActiveCfg = Release|Any CPU
		{746D3F1E-B325-48AD-8085-A5B07624EB48}.Release|Any CPU.Build.0 = Release|Any CPU
	EndGlobalSection
	GlobalSection(SolutionProperties) = preSolution
		HideSolutionNode = FALSE
	EndGlobalSection
	GlobalSection(ExtensibilityGlobals) = postSolution
		SolutionGuid = {24A7298A-60CC-49BA-85AD-9FFFF9505244}
	EndGlobalSection
EndGlobal
